
Microsoft Visual Studio Solution File, Format Version 12.00
# Visual Studio Version 17
VisualStudioVersion = 17.4.33122.133
MinimumVisualStudioVersion = 10.0.40219.1
Project("{8BC9CEB8-8B4A-11D0-8D11-00A0C91BC942}") = "MyLevelMod", "Level Mod\Level Mod.vcxproj", "{7FB4A010-E68B-4740-AD5A-878FD647435D}"
	ProjectSection(ProjectDependencies) = postProject
		{83C0F6B3-2297-4A14-98D6-F9C3E99192CE} = {83C0F6B3-2297-4A14-98D6-F9C3E99192CE}
	EndProjectSection
EndProject
Project("{2150E333-8FDC-42A3-9474-1A3956D46DE8}") = "submodules", "submodules", "{883F28C8-8DF4-44B5-B913-58C948CAED93}"
EndProject
Project("{8BC9CEB8-8B4A-11D0-8D11-00A0C91BC942}") = "libmodutils", "sa2-mod-loader\libmodutils\libmodutils.vcxproj", "{83C0F6B3-2297-4A14-98D6-F9C3E99192CE}"
EndProject
Project("{8BC9CEB8-8B4A-11D0-8D11-00A0C91BC942}") = "ModLoaderCommon", "sa2-mod-loader\mod-loader-common\ModLoaderCommon\ModLoaderCommon.vcxproj", "{EC0293F5-4BCF-46B2-8133-18CAEA141C5B}"
EndProject
Global
	GlobalSection(SolutionConfigurationPlatforms) = preSolution
		Debug|x64 = Debug|x64
		Debug|x86 = Debug|x86
		Release|x64 = Release|x64
		Release|x86 = Release|x86
	EndGlobalSection
	GlobalSection(ProjectConfigurationPlatforms) = postSolution
		{7FB4A010-E68B-4740-AD5A-878FD647435D}.Debug|x64.ActiveCfg = Debug|x64
		{7FB4A010-E68B-4740-AD5A-878FD647435D}.Debug|x64.Build.0 = Debug|x64
		{7FB4A010-E68B-4740-AD5A-878FD647435D}.Debug|x86.ActiveCfg = Debug|Win32
		{7FB4A010-E68B-4740-AD5A-878FD647435D}.Debug|x86.Build.0 = Debug|Win32
		{7FB4A010-E68B-4740-AD5A-878FD647435D}.Release|x64.ActiveCfg = Release|x64
		{7FB4A010-E68B-4740-AD5A-878FD647435D}.Release|x64.Build.0 = Release|x64
		{7FB4A010-E68B-4740-AD5A-878FD647435D}.Release|x86.ActiveCfg = Release|Win32
		{7FB4A010-E68B-4740-AD5A-878FD647435D}.Release|x86.Build.0 = Release|Win32
		{83C0F6B3-2297-4A14-98D6-F9C3E99192CE}.Debug|x64.ActiveCfg = Debug|Win32
		{83C0F6B3-2297-4A14-98D6-F9C3E99192CE}.Debug|x64.Build.0 = Debug|Win32
		{83C0F6B3-2297-4A14-98D6-F9C3E99192CE}.Debug|x86.ActiveCfg = Debug|Win32
		{83C0F6B3-2297-4A14-98D6-F9C3E99192CE}.Debug|x86.Build.0 = Debug|Win32
		{83C0F6B3-2297-4A14-98D6-F9C3E99192CE}.Release|x64.ActiveCfg = Release|Win32
		{83C0F6B3-2297-4A14-98D6-F9C3E99192CE}.Release|x64.Build.0 = Release|Win32
		{83C0F6B3-2297-4A14-98D6-F9C3E99192CE}.Release|x86.ActiveCfg = Release|Win32
		{83C0F6B3-2297-4A14-98D6-F9C3E99192CE}.Release|x86.Build.0 = Release|Win32
		{EC0293F5-4BCF-46B2-8133-18CAEA141C5B}.Debug|x64.ActiveCfg = Debug|Win32
		{EC0293F5-4BCF-46B2-8133-18CAEA141C5B}.Debug|x64.Build.0 = Debug|Win32
		{EC0293F5-4BCF-46B2-8133-18CAEA141C5B}.Debug|x86.ActiveCfg = Debug|Win32
		{EC0293F5-4BCF-46B2-8133-18CAEA141C5B}.Debug|x86.Build.0 = Debug|Win32
		{EC0293F5-4BCF-46B2-8133-18CAEA141C5B}.Release|x64.ActiveCfg = Release|Win32
		{EC0293F5-4BCF-46B2-8133-18CAEA141C5B}.Release|x64.Build.0 = Release|Win32
		{EC0293F5-4BCF-46B2-8133-18CAEA141C5B}.Release|x86.ActiveCfg = Release|Win32
		{EC0293F5-4BCF-46B2-8133-18CAEA141C5B}.Release|x86.Build.0 = Release|Win32
	EndGlobalSection
	GlobalSection(SolutionProperties) = preSolution
		HideSolutionNode = FALSE
	EndGlobalSection
	GlobalSection(NestedProjects) = preSolution
		{83C0F6B3-2297-4A14-98D6-F9C3E99192CE} = {883F28C8-8DF4-44B5-B913-58C948CAED93}
		{EC0293F5-4BCF-46B2-8133-18CAEA141C5B} = {883F28C8-8DF4-44B5-B913-58C948CAED93}
	EndGlobalSection
	GlobalSection(ExtensibilityGlobals) = postSolution
		SolutionGuid = {C8012232-ED1C-48CD-B79C-FA30968D998F}
	EndGlobalSection
EndGlobal
